
Microsoft Visual Studio Solution File, Format Version 12.00
# Visual Studio Version 17
VisualStudioVersion = 17.5.33530.505
MinimumVisualStudioVersion = 10.0.40219.1
Project("{FAE04EC0-301F-11D3-BF4B-00C04F79EFBC}") = "Any devices connect to FSW", "Any devices connect to FSW.csproj", "{A433C125-AB41-441C-9313-78E9237BB30D}"
EndProject
Global
	GlobalSection(SolutionConfigurationPlatforms) = preSolution
		Debug|Any CPU = Debug|Any CPU
		Release|Any CPU = Release|Any CPU
	EndGlobalSection
	GlobalSection(ProjectConfigurationPlatforms) = postSolution
		{A433C125-AB41-441C-9313-78E9237BB30D}.Debug|Any CPU.ActiveCfg = Debug|Any CPU
		{A433C125-AB41-441C-9313-78E9237BB30D}.Debug|Any CPU.Build.0 = Debug|Any CPU
		{A433C125-AB41-441C-9313-78E9237BB30D}.Release|Any CPU.ActiveCfg = Release|Any CPU
		{A433C125-AB41-441C-9313-78E9237BB30D}.Release|Any CPU.Build.0 = Release|Any CPU
	EndGlobalSection
	GlobalSection(SolutionProperties) = preSolution
		HideSolutionNode = FALSE
	EndGlobalSection
	GlobalSection(ExtensibilityGlobals) = postSolution
		SolutionGuid = {998B8324-BC85-4415-ACE6-D91D33CCB0FB}
	EndGlobalSection
EndGlobal
